
Microsoft Visual Studio Solution File, Format Version 12.00
# Visual Studio Version 17
VisualStudioVersion = 17.14.36414.22
MinimumVisualStudioVersion = 10.0.40219.1
Project("{FAE04EC0-301F-11D3-BF4B-00C04F79EFBC}") = "CatalogoApp.Entidades", "CatalogoApp.Entidades\CatalogoApp.Entidades.csproj", "{BECE5F2C-47BD-4073-A7DD-1E2EEE4C3296}"
EndProject
Project("{FAE04EC0-301F-11D3-BF4B-00C04F79EFBC}") = "CatalogoApp.Datos", "CatalogoApp.Datos\CatalogoApp.Datos.csproj", "{42D56D16-8B71-4BF0-A580-DC57C733BB89}"
EndProject
Project("{FAE04EC0-301F-11D3-BF4B-00C04F79EFBC}") = "CatalogoApp.Logica", "CatalogoApp.Logica\CatalogoApp.Logica.csproj", "{04ED7833-E9D1-488D-AAAA-59C9D6AB19DB}"
EndProject
Project("{FAE04EC0-301F-11D3-BF4B-00C04F79EFBC}") = "CatalogoApp.Presentacion", "CatalogoApp.Presentacion\CatalogoApp.Presentacion.csproj", "{916D590F-592D-493E-9128-2A8549A4213B}"
EndProject
Global
	GlobalSection(SolutionConfigurationPlatforms) = preSolution
		Debug|Any CPU = Debug|Any CPU
		Release|Any CPU = Release|Any CPU
	EndGlobalSection
	GlobalSection(ProjectConfigurationPlatforms) = postSolution
		{BECE5F2C-47BD-4073-A7DD-1E2EEE4C3296}.Debug|Any CPU.ActiveCfg = Debug|Any CPU
		{BECE5F2C-47BD-4073-A7DD-1E2EEE4C3296}.Debug|Any CPU.Build.0 = Debug|Any CPU
		{BECE5F2C-47BD-4073-A7DD-1E2EEE4C3296}.Release|Any CPU.ActiveCfg = Release|Any CPU
		{BECE5F2C-47BD-4073-A7DD-1E2EEE4C3296}.Release|Any CPU.Build.0 = Release|Any CPU
		{42D56D16-8B71-4BF0-A580-DC57C733BB89}.Debug|Any CPU.ActiveCfg = Debug|Any CPU
		{42D56D16-8B71-4BF0-A580-DC57C733BB89}.Debug|Any CPU.Build.0 = Debug|Any CPU
		{42D56D16-8B71-4BF0-A580-DC57C733BB89}.Release|Any CPU.ActiveCfg = Release|Any CPU
		{42D56D16-8B71-4BF0-A580-DC57C733BB89}.Release|Any CPU.Build.0 = Release|Any CPU
		{04ED7833-E9D1-488D-AAAA-59C9D6AB19DB}.Debug|Any CPU.ActiveCfg = Debug|Any CPU
		{04ED7833-E9D1-488D-AAAA-59C9D6AB19DB}.Debug|Any CPU.Build.0 = Debug|Any CPU
		{04ED7833-E9D1-488D-AAAA-59C9D6AB19DB}.Release|Any CPU.ActiveCfg = Release|Any CPU
		{04ED7833-E9D1-488D-AAAA-59C9D6AB19DB}.Release|Any CPU.Build.0 = Release|Any CPU
		{916D590F-592D-493E-9128-2A8549A4213B}.Debug|Any CPU.ActiveCfg = Debug|Any CPU
		{916D590F-592D-493E-9128-2A8549A4213B}.Debug|Any CPU.Build.0 = Debug|Any CPU
		{916D590F-592D-493E-9128-2A8549A4213B}.Release|Any CPU.ActiveCfg = Release|Any CPU
		{916D590F-592D-493E-9128-2A8549A4213B}.Release|Any CPU.Build.0 = Release|Any CPU
	EndGlobalSection
	GlobalSection(SolutionProperties) = preSolution
		HideSolutionNode = FALSE
	EndGlobalSection
	GlobalSection(ExtensibilityGlobals) = postSolution
		SolutionGuid = {2437320C-688D-471A-B124-D1902C43459C}
	EndGlobalSection
EndGlobal
